
Microsoft Visual Studio Solution File, Format Version 12.00
# Visual Studio Version 17
VisualStudioVersion = 17.9.34622.214
MinimumVisualStudioVersion = 10.0.40219.1
Project("{FAE04EC0-301F-11D3-BF4B-00C04F79EFBC}") = "Quiz-Maktab", "Quiz-Maktab\Quiz-Maktab.csproj", "{F919EBDF-3A4B-44A3-AE4A-DF2FB7BACDDF}"
EndProject
Global
	GlobalSection(SolutionConfigurationPlatforms) = preSolution
		Debug|Any CPU = Debug|Any CPU
		Release|Any CPU = Release|Any CPU
	EndGlobalSection
	GlobalSection(ProjectConfigurationPlatforms) = postSolution
		{F919EBDF-3A4B-44A3-AE4A-DF2FB7BACDDF}.Debug|Any CPU.ActiveCfg = Debug|Any CPU
		{F919EBDF-3A4B-44A3-AE4A-DF2FB7BACDDF}.Debug|Any CPU.Build.0 = Debug|Any CPU
		{F919EBDF-3A4B-44A3-AE4A-DF2FB7BACDDF}.Release|Any CPU.ActiveCfg = Release|Any CPU
		{F919EBDF-3A4B-44A3-AE4A-DF2FB7BACDDF}.Release|Any CPU.Build.0 = Release|Any CPU
	EndGlobalSection
	GlobalSection(SolutionProperties) = preSolution
		HideSolutionNode = FALSE
	EndGlobalSection
	GlobalSection(ExtensibilityGlobals) = postSolution
		SolutionGuid = {CE2C3EEB-8B89-476C-8B73-2F8E8E4114BE}
	EndGlobalSection
EndGlobal
