
Microsoft Visual Studio Solution File, Format Version 12.00
# Visual Studio Version 17
VisualStudioVersion = 17.9.34622.214
MinimumVisualStudioVersion = 10.0.40219.1
Project("{2150E333-8FDC-42A3-9474-1A3956D46DE8}") = "src", "src", "{F6B60128-9AFB-48B3-A27A-4AA511D93F10}"
EndProject
Project("{2150E333-8FDC-42A3-9474-1A3956D46DE8}") = "1.Domain", "1.Domain", "{79FD25C1-8A84-4691-AC00-B4F9FEFAF96B}"
EndProject
Project("{2150E333-8FDC-42A3-9474-1A3956D46DE8}") = "2.Infrastructure", "2.Infrastructure", "{93B3EA5D-4A33-40C0-BC29-D3D6FB655F78}"
EndProject
Project("{2150E333-8FDC-42A3-9474-1A3956D46DE8}") = "3.EndPoint", "3.EndPoint", "{58B2BF33-CF8A-40D8-BBA5-1675C29E501A}"
EndProject
Project("{2150E333-8FDC-42A3-9474-1A3956D46DE8}") = "Core", "Core", "{755DE242-71A3-4239-BCEF-FB7D6B789221}"
EndProject
Project("{2150E333-8FDC-42A3-9474-1A3956D46DE8}") = "Service", "Service", "{FC5D93D4-F1C0-472E-AEBF-81F7DDF50F57}"
EndProject
Project("{2150E333-8FDC-42A3-9474-1A3956D46DE8}") = "DataAccess", "DataAccess", "{1A612DC2-940C-4300-AFCB-96E70A964259}"
EndProject
Project("{2150E333-8FDC-42A3-9474-1A3956D46DE8}") = "Db", "Db", "{670B1AD4-8274-408C-9798-CD39EC310264}"
EndProject
Project("{FAE04EC0-301F-11D3-BF4B-00C04F79EFBC}") = "Quiz.Domain.Core", "Quiz.Domain.Core\Quiz.Domain.Core.csproj", "{019D77AE-A5FA-43A7-A154-E346DD35C3CE}"
EndProject
Project("{FAE04EC0-301F-11D3-BF4B-00C04F79EFBC}") = "Quiz.Infra.SqlServer", "Quiz.Infra.SqlServer\Quiz.Infra.SqlServer.csproj", "{A3C28DFF-6E73-4E3D-A2FB-4B69032FFAA6}"
EndProject
Project("{FAE04EC0-301F-11D3-BF4B-00C04F79EFBC}") = "Quiz.Infra.DataAccess.Repo.Ef", "Quiz.Infra.DataAccess.Repo.Ef\Quiz.Infra.DataAccess.Repo.Ef.csproj", "{3487B49F-DA61-4E68-B127-8FEC6EC4010B}"
EndProject
Project("{FAE04EC0-301F-11D3-BF4B-00C04F79EFBC}") = "Quiz.Domain.Service", "Quiz.Domain.Service\Quiz.Domain.Service.csproj", "{D7C7C41C-F4C3-459B-99C8-19654CE62749}"
EndProject
Project("{FAE04EC0-301F-11D3-BF4B-00C04F79EFBC}") = "Quiz.Domain.AppService", "Quiz.Domain.AppService\Quiz.Domain.AppService.csproj", "{84CBB82F-168C-4E85-9A42-982E371081F0}"
EndProject
Project("{FAE04EC0-301F-11D3-BF4B-00C04F79EFBC}") = "Quiz.Endpoint.WebApi", "Quiz.Endpoint.WebApi\Quiz.Endpoint.WebApi.csproj", "{64E0FE5A-23B3-414D-9721-6453D6CDD4F6}"
EndProject
Global
	GlobalSection(SolutionConfigurationPlatforms) = preSolution
		Debug|Any CPU = Debug|Any CPU
		Release|Any CPU = Release|Any CPU
	EndGlobalSection
	GlobalSection(ProjectConfigurationPlatforms) = postSolution
		{019D77AE-A5FA-43A7-A154-E346DD35C3CE}.Debug|Any CPU.ActiveCfg = Debug|Any CPU
		{019D77AE-A5FA-43A7-A154-E346DD35C3CE}.Debug|Any CPU.Build.0 = Debug|Any CPU
		{019D77AE-A5FA-43A7-A154-E346DD35C3CE}.Release|Any CPU.ActiveCfg = Release|Any CPU
		{019D77AE-A5FA-43A7-A154-E346DD35C3CE}.Release|Any CPU.Build.0 = Release|Any CPU
		{A3C28DFF-6E73-4E3D-A2FB-4B69032FFAA6}.Debug|Any CPU.ActiveCfg = Debug|Any CPU
		{A3C28DFF-6E73-4E3D-A2FB-4B69032FFAA6}.Debug|Any CPU.Build.0 = Debug|Any CPU
		{A3C28DFF-6E73-4E3D-A2FB-4B69032FFAA6}.Release|Any CPU.ActiveCfg = Release|Any CPU
		{A3C28DFF-6E73-4E3D-A2FB-4B69032FFAA6}.Release|Any CPU.Build.0 = Release|Any CPU
		{3487B49F-DA61-4E68-B127-8FEC6EC4010B}.Debug|Any CPU.ActiveCfg = Debug|Any CPU
		{3487B49F-DA61-4E68-B127-8FEC6EC4010B}.Debug|Any CPU.Build.0 = Debug|Any CPU
		{3487B49F-DA61-4E68-B127-8FEC6EC4010B}.Release|Any CPU.ActiveCfg = Release|Any CPU
		{3487B49F-DA61-4E68-B127-8FEC6EC4010B}.Release|Any CPU.Build.0 = Release|Any CPU
		{D7C7C41C-F4C3-459B-99C8-19654CE62749}.Debug|Any CPU.ActiveCfg = Debug|Any CPU
		{D7C7C41C-F4C3-459B-99C8-19654CE62749}.Debug|Any CPU.Build.0 = Debug|Any CPU
		{D7C7C41C-F4C3-459B-99C8-19654CE62749}.Release|Any CPU.ActiveCfg = Release|Any CPU
		{D7C7C41C-F4C3-459B-99C8-19654CE62749}.Release|Any CPU.Build.0 = Release|Any CPU
		{84CBB82F-168C-4E85-9A42-982E371081F0}.Debug|Any CPU.ActiveCfg = Debug|Any CPU
		{84CBB82F-168C-4E85-9A42-982E371081F0}.Debug|Any CPU.Build.0 = Debug|Any CPU
		{84CBB82F-168C-4E85-9A42-982E371081F0}.Release|Any CPU.ActiveCfg = Release|Any CPU
		{84CBB82F-168C-4E85-9A42-982E371081F0}.Release|Any CPU.Build.0 = Release|Any CPU
		{64E0FE5A-23B3-414D-9721-6453D6CDD4F6}.Debug|Any CPU.ActiveCfg = Debug|Any CPU
		{64E0FE5A-23B3-414D-9721-6453D6CDD4F6}.Debug|Any CPU.Build.0 = Debug|Any CPU
		{64E0FE5A-23B3-414D-9721-6453D6CDD4F6}.Release|Any CPU.ActiveCfg = Release|Any CPU
		{64E0FE5A-23B3-414D-9721-6453D6CDD4F6}.Release|Any CPU.Build.0 = Release|Any CPU
	EndGlobalSection
	GlobalSection(SolutionProperties) = preSolution
		HideSolutionNode = FALSE
	EndGlobalSection
	GlobalSection(NestedProjects) = preSolution
		{79FD25C1-8A84-4691-AC00-B4F9FEFAF96B} = {F6B60128-9AFB-48B3-A27A-4AA511D93F10}
		{93B3EA5D-4A33-40C0-BC29-D3D6FB655F78} = {F6B60128-9AFB-48B3-A27A-4AA511D93F10}
		{58B2BF33-CF8A-40D8-BBA5-1675C29E501A} = {F6B60128-9AFB-48B3-A27A-4AA511D93F10}
		{755DE242-71A3-4239-BCEF-FB7D6B789221} = {79FD25C1-8A84-4691-AC00-B4F9FEFAF96B}
		{FC5D93D4-F1C0-472E-AEBF-81F7DDF50F57} = {79FD25C1-8A84-4691-AC00-B4F9FEFAF96B}
		{1A612DC2-940C-4300-AFCB-96E70A964259} = {93B3EA5D-4A33-40C0-BC29-D3D6FB655F78}
		{670B1AD4-8274-408C-9798-CD39EC310264} = {93B3EA5D-4A33-40C0-BC29-D3D6FB655F78}
		{019D77AE-A5FA-43A7-A154-E346DD35C3CE} = {755DE242-71A3-4239-BCEF-FB7D6B789221}
		{A3C28DFF-6E73-4E3D-A2FB-4B69032FFAA6} = {670B1AD4-8274-408C-9798-CD39EC310264}
		{3487B49F-DA61-4E68-B127-8FEC6EC4010B} = {1A612DC2-940C-4300-AFCB-96E70A964259}
		{D7C7C41C-F4C3-459B-99C8-19654CE62749} = {FC5D93D4-F1C0-472E-AEBF-81F7DDF50F57}
		{84CBB82F-168C-4E85-9A42-982E371081F0} = {FC5D93D4-F1C0-472E-AEBF-81F7DDF50F57}
		{64E0FE5A-23B3-414D-9721-6453D6CDD4F6} = {58B2BF33-CF8A-40D8-BBA5-1675C29E501A}
	EndGlobalSection
	GlobalSection(ExtensibilityGlobals) = postSolution
		SolutionGuid = {CE2C3EEB-8B89-476C-8B73-2F8E8E4114BE}
	EndGlobalSection
EndGlobal
